
Microsoft Visual Studio Solution File, Format Version 12.00
# Visual Studio Version 16
VisualStudioVersion = 16.0.31702.278
MinimumVisualStudioVersion = 10.0.40219.1
Project("{FAE04EC0-301F-11D3-BF4B-00C04F79EFBC}") = "WebApplication1", "WebApplication1\WebApplication1.csproj", "{00A87738-F560-4423-8972-8316F929A7B1}"
EndProject
Project("{FAE04EC0-301F-11D3-BF4B-00C04F79EFBC}") = "WebAplication1_TestProject1", "WebAplication1_TestProject1\WebAplication1_TestProject1.csproj", "{E8B5DE5C-2145-4BB8-91AF-6A54123491D6}"
EndProject
Global
	GlobalSection(SolutionConfigurationPlatforms) = preSolution
		Debug|Any CPU = Debug|Any CPU
		Release|Any CPU = Release|Any CPU
	EndGlobalSection
	GlobalSection(ProjectConfigurationPlatforms) = postSolution
		{00A87738-F560-4423-8972-8316F929A7B1}.Debug|Any CPU.ActiveCfg = Debug|Any CPU
		{00A87738-F560-4423-8972-8316F929A7B1}.Debug|Any CPU.Build.0 = Debug|Any CPU
		{00A87738-F560-4423-8972-8316F929A7B1}.Release|Any CPU.ActiveCfg = Release|Any CPU
		{00A87738-F560-4423-8972-8316F929A7B1}.Release|Any CPU.Build.0 = Release|Any CPU
		{E8B5DE5C-2145-4BB8-91AF-6A54123491D6}.Debug|Any CPU.ActiveCfg = Debug|Any CPU
		{E8B5DE5C-2145-4BB8-91AF-6A54123491D6}.Debug|Any CPU.Build.0 = Debug|Any CPU
		{E8B5DE5C-2145-4BB8-91AF-6A54123491D6}.Release|Any CPU.ActiveCfg = Release|Any CPU
		{E8B5DE5C-2145-4BB8-91AF-6A54123491D6}.Release|Any CPU.Build.0 = Release|Any CPU
	EndGlobalSection
	GlobalSection(SolutionProperties) = preSolution
		HideSolutionNode = FALSE
	EndGlobalSection
	GlobalSection(ExtensibilityGlobals) = postSolution
		SolutionGuid = {D70AE794-831A-45E9-ABDB-A76F885F3546}
	EndGlobalSection
EndGlobal
